{
  "name": "chrome-plugin",
  "version": "1.0.0",
  "lockfileVersion": 1,
  "requires": true,
  "dependencies": {
    "@types/chrome": {
      "version": "0.0.60",
      "resolved": "https://registry.npmjs.org/@types/chrome/-/chrome-0.0.60.tgz",
      "integrity": "sha512-65L5afQNd7yZMW3zNsz4otId8+8wsD2UQM3iz4gnni3tiKo+UDGIbvCf91txakxB6KLTk7HTTeIbxViuIg6TMw==",
      "dev": true,
      "requires": {
        "@types/filesystem": "0.0.28"
      }
    },
    "@types/filesystem": {
      "version": "0.0.28",
      "resolved": "https://registry.npmjs.org/@types/filesystem/-/filesystem-0.0.28.tgz",
      "integrity": "sha1-P9dzWDDyx0E8taxFeAvEWQRpew4=",
      "dev": true,
      "requires": {
        "@types/filewriter": "0.0.28"
      }
    },
    "@types/filewriter": {
      "version": "0.0.28",
      "resolved": "https://registry.npmjs.org/@types/filewriter/-/filewriter-0.0.28.tgz",
      "integrity": "sha1-wFTor02d11205jq8dviFFocU1LM=",
      "dev": true
    }
  }
}
